
Microsoft Visual Studio Solution File, Format Version 12.00
# Visual Studio 14
VisualStudioVersion = 14.0.23107.0
MinimumVisualStudioVersion = 10.0.40219.1
Project("{FAE04EC0-301F-11D3-BF4B-00C04F79EFBC}") = "TextEditor", "TextEditor\TextEditor.csproj", "{80C430F0-96A6-4CDA-B6EB-1157CF47F24A}"
EndProject
Project("{2150E333-8FDC-42A3-9474-1A3956D46DE8}") = "Solution Items", "Solution Items", "{F921D377-4B33-43D3-A1DA-0BF3B4942EE1}"
	ProjectSection(SolutionItems) = preProject
		Y:\Documents\Visual Studio 2015\Projects\TextEditor\Settings.StyleCop = Y:\Documents\Visual Studio 2015\Projects\TextEditor\Settings.StyleCop
		SharedAssemblyInfo.cs = SharedAssemblyInfo.cs
		Y:\Documents\Visual Studio 2015\Projects\TextEditor\text_editor_setup_script.iss = Y:\Documents\Visual Studio 2015\Projects\TextEditor\text_editor_setup_script.iss
	EndProjectSection
EndProject
Global
	GlobalSection(SolutionConfigurationPlatforms) = preSolution
		Debug|Any CPU = Debug|Any CPU
		Release|Any CPU = Release|Any CPU
	EndGlobalSection
	GlobalSection(ProjectConfigurationPlatforms) = postSolution
		{80C430F0-96A6-4CDA-B6EB-1157CF47F24A}.Debug|Any CPU.ActiveCfg = Debug|Any CPU
		{80C430F0-96A6-4CDA-B6EB-1157CF47F24A}.Debug|Any CPU.Build.0 = Debug|Any CPU
		{80C430F0-96A6-4CDA-B6EB-1157CF47F24A}.Release|Any CPU.ActiveCfg = Release|Any CPU
		{80C430F0-96A6-4CDA-B6EB-1157CF47F24A}.Release|Any CPU.Build.0 = Release|Any CPU
	EndGlobalSection
	GlobalSection(SolutionProperties) = preSolution
		HideSolutionNode = FALSE
	EndGlobalSection
EndGlobal
